
Microsoft Visual Studio Solution File, Format Version 12.00
# Visual Studio Version 17
VisualStudioVersion = 17.10.35122.118
MinimumVisualStudioVersion = 10.0.40219.1
Project("{9A19103F-16F7-4668-BE54-9A1E7A4F7556}") = "AnakimOrchestrator", "AnakimOrchestrator.csproj", "{49A7A9C3-34C4-4C61-9375-C3335630E74D}"
EndProject
Project("{9A19103F-16F7-4668-BE54-9A1E7A4F7556}") = "AnakimAccessProvider", "..\..\DataAccessProviderGit\AnakimAccessProvider.csproj", "{21602DD8-0807-4732-A3E4-66F7E59A51FF}"
EndProject
Project("{9A19103F-16F7-4668-BE54-9A1E7A4F7556}") = "AnakimMetadataManagment", "..\..\MetadataManagementSystemGit\AnakimMetadataManagment.csproj", "{32E68AC1-42B8-4044-9927-7FA39D5E5DA7}"
EndProject
Global
	GlobalSection(SolutionConfigurationPlatforms) = preSolution
		Debug|Any CPU = Debug|Any CPU
		Release|Any CPU = Release|Any CPU
	EndGlobalSection
	GlobalSection(ProjectConfigurationPlatforms) = postSolution
		{49A7A9C3-34C4-4C61-9375-C3335630E74D}.Debug|Any CPU.ActiveCfg = Debug|Any CPU
		{49A7A9C3-34C4-4C61-9375-C3335630E74D}.Debug|Any CPU.Build.0 = Debug|Any CPU
		{49A7A9C3-34C4-4C61-9375-C3335630E74D}.Release|Any CPU.ActiveCfg = Release|Any CPU
		{49A7A9C3-34C4-4C61-9375-C3335630E74D}.Release|Any CPU.Build.0 = Release|Any CPU
		{21602DD8-0807-4732-A3E4-66F7E59A51FF}.Debug|Any CPU.ActiveCfg = Debug|Any CPU
		{21602DD8-0807-4732-A3E4-66F7E59A51FF}.Debug|Any CPU.Build.0 = Debug|Any CPU
		{21602DD8-0807-4732-A3E4-66F7E59A51FF}.Release|Any CPU.ActiveCfg = Release|Any CPU
		{21602DD8-0807-4732-A3E4-66F7E59A51FF}.Release|Any CPU.Build.0 = Release|Any CPU
		{32E68AC1-42B8-4044-9927-7FA39D5E5DA7}.Debug|Any CPU.ActiveCfg = Debug|Any CPU
		{32E68AC1-42B8-4044-9927-7FA39D5E5DA7}.Debug|Any CPU.Build.0 = Debug|Any CPU
		{32E68AC1-42B8-4044-9927-7FA39D5E5DA7}.Release|Any CPU.ActiveCfg = Release|Any CPU
		{32E68AC1-42B8-4044-9927-7FA39D5E5DA7}.Release|Any CPU.Build.0 = Release|Any CPU
	EndGlobalSection
	GlobalSection(SolutionProperties) = preSolution
		HideSolutionNode = FALSE
	EndGlobalSection
	GlobalSection(ExtensibilityGlobals) = postSolution
		SolutionGuid = {75088F6A-603E-47B5-8C9B-59371A8DDD4B}
	EndGlobalSection
EndGlobal
